{
  "name": "emo",
  "version": "1.0.0",
  "lockfileVersion": 1,
  "requires": true,
  "dependencies": {
    "autoprefixer": {
      "version": "6.7.7",
      "resolved": "http://registry.npm.taobao.org/autoprefixer/download/autoprefixer-6.7.7.tgz",
      "integrity": "sha1-Hb0cg1ZY41zj+ZhAmdsAWFx4IBQ=",
      "dev": true
    },
    "axios": {
      "version": "0.21.1",
      "resolved": "https://registry.npmjs.org/axios/-/axios-0.21.1.tgz",
      "integrity": "sha512-dKQiRHxGD9PPRIUNIWvZhPTPpl1rf/OxTYKsqKUDjBwYylTvV7SjSHJb9ratfyzM6wCdLCOYLzs73qpg5c4iGA==",
      "requires": {
        "follow-redirects": "^1.10.0"
      }
    },
    "babel-core": {
      "version": "6.25.0",
      "resolved": "http://registry.npm.taobao.org/babel-core/download/babel-core-6.25.0.tgz",
      "integrity": "sha1-fdQrBGPHQunVKW3rPsZ6kyLa1yk=",
      "dev": true,
      "dependencies": {
        "source-map": {
          "version": "0.5.6",
          "resolved": "http://registry.npm.taobao.org/source-map/download/source-map-0.5.6.tgz",
          "integrity": "sha1-dc449SvwczxafwwRjYEzSiu19BI="
        }
      }
    },
    "babel-loader": {
      "version": "6.4.1",
      "resolved": "http://registry.npm.taobao.org/babel-loader/download/babel-loader-6.4.1.tgz",
      "integrity": "sha1-CzQRLVsHSKjc2/Uaz2+b1C1QuMo=",
      "dev": true
    },
    "babel-plugin-transform-runtime": {
      "version": "6.23.0",
      "resolved": "http://registry.npm.taobao.org/babel-plugin-transform-runtime/download/babel-plugin-transform-runtime-6.23.0.tgz",
      "integrity": "sha1-iEkNRGUC6puOfvsP4J7E2ZR5se4=",
      "dev": true
    },
    "babel-preset-env": {
      "version": "1.6.0",
      "resolved": "http://registry.npm.taobao.org/babel-preset-env/download/babel-preset-env-1.6.0.tgz",
      "integrity": "sha1-LeHHgqeAoKXWBdGZyVdZbaQ8ROQ=",
      "dev": true,
      "dependencies": {
        "browserslist": {
          "version": "2.2.2",
          "resolved": "http://registry.npm.taobao.org/browserslist/download/browserslist-2.2.2.tgz",
          "integrity": "sha1-6bRhi4oBwZP5eGvuoJ9v0Q2+McM="
        }
      }
    },
    "babel-preset-stage-2": {
      "version": "6.24.1",
      "resolved": "http://registry.npm.taobao.org/babel-preset-stage-2/download/babel-preset-stage-2-6.24.1.tgz",
      "integrity": "sha1-2eKWD7PXEYfw5k7sYrwHdnIZvcE=",
      "dev": true
    },
    "babel-register": {
      "version": "6.24.1",
      "resolved": "http://registry.npm.taobao.org/babel-register/download/babel-register-6.24.1.tgz",
      "integrity": "sha1-fhDhOi9xBlvfrVoXh7pFvKbe118=",
      "dev": true
    },
    "chalk": {
      "version": "1.1.3",
      "resolved": "http://registry.npm.taobao.org/chalk/download/chalk-1.1.3.tgz",
      "integrity": "sha1-qBFcVeSnAv5NFQq9OHKCKn4J/Jg=",
      "dev": true,
      "dependencies": {
        "supports-color": {
          "version": "2.0.0",
          "resolved": "http://registry.npm.taobao.org/supports-color/download/supports-color-2.0.0.tgz",
          "integrity": "sha1-U10EXOa2Nj+kARcIRimZXp3zJMc="
        }
      }
    },
    "compression-webpack-plugin": {
      "version": "0.3.2",
      "resolved": "http://registry.npm.taobao.org/compression-webpack-plugin/download/compression-webpack-plugin-0.3.2.tgz",
      "integrity": "sha1-Ht+w50nXNm0+cBZwxGM1mywM9wQ=",
      "dev": true
    },
    "connect-history-api-fallback": {
      "version": "1.3.0",
      "resolved": "http://registry.npm.taobao.org/connect-history-api-fallback/download/connect-history-api-fallback-1.3.0.tgz",
      "integrity": "sha1-5R0X+PDvDbkKZP20feMFFVbp8Wk=",
      "dev": true
    },
    "copy-webpack-plugin": {
      "version": "4.0.1",
      "resolved": "http://registry.npm.taobao.org/copy-webpack-plugin/download/copy-webpack-plugin-4.0.1.tgz",
      "integrity": "sha1-lyjjg7lDFgUNDHRjlY8rhcCqggA=",
      "dev": true,
      "dependencies": {
        "glob": {
          "version": "6.0.4",
          "resolved": "http://registry.npm.taobao.org/glob/download/glob-6.0.4.tgz",
          "integrity": "sha1-DwiGD2oVUSey+t1PnOJLGqtuTSI="
        }
      }
    },
    "css-loader": {
      "version": "0.26.4",
      "resolved": "http://registry.npm.taobao.org/css-loader/download/css-loader-0.26.4.tgz",
      "integrity": "sha1-th6eMNuUMD5v/IkvEOzQmtAlof0=",
      "dev": true,
      "dependencies": {
        "loader-utils": {
          "version": "1.1.0",
          "resolved": "http://registry.npm.taobao.org/loader-utils/download/loader-utils-1.1.0.tgz",
          "integrity": "sha1-yYrvSIvM7aL/teLeZG1qdUQp9c0="
        }
      }
    },
    "eventsource-polyfill": {
      "version": "0.9.6",
      "resolved": "http://registry.npm.taobao.org/eventsource-polyfill/download/eventsource-polyfill-0.9.6.tgz",
      "integrity": "sha1-EODRh/ERsWfyj9q5GIQ859gY8Tw=",
      "dev": true
    },
    "express": {
      "version": "4.15.3",
      "resolved": "http://registry.npm.taobao.org/express/download/express-4.15.3.tgz",
      "integrity": "sha1-urZdDwOqgMNYQIly/HAPkWlEtmI=",
      "dev": true,
      "dependencies": {
        "debug": {
          "version": "2.6.7",
          "resolved": "http://registry.npm.taobao.org/debug/download/debug-2.6.7.tgz",
          "integrity": "sha1-krrR9tBbu2u6Isyoi80OyJTChh4="
        }
      }
    },
    "extract-text-webpack-plugin": {
      "version": "2.1.2",
      "resolved": "http://registry.npm.taobao.org/extract-text-webpack-plugin/download/extract-text-webpack-plugin-2.1.2.tgz",
      "integrity": "sha1-dW7076gVXDaBgz+8NNpTuUF0bWw=",
      "dev": true,
      "dependencies": {
        "async": {
          "version": "2.5.0",
          "resolved": "http://registry.npm.taobao.org/async/download/async-2.5.0.tgz",
          "integrity": "sha1-hDGQ/WtzV6C54clW7d3V7IRitU0="
        },
        "loader-utils": {
          "version": "1.1.0",
          "resolved": "http://registry.npm.taobao.org/loader-utils/download/loader-utils-1.1.0.tgz",
          "integrity": "sha1-yYrvSIvM7aL/teLeZG1qdUQp9c0="
        },
        "source-list-map": {
          "version": "2.0.0",
          "resolved": "http://registry.npm.taobao.org/source-list-map/download/source-list-map-2.0.0.tgz",
          "integrity": "sha1-qqR0A/eyRakvvJfqCPJQ1gh+0IU="
        },
        "source-map": {
          "version": "0.5.6",
          "resolved": "http://registry.npm.taobao.org/source-map/download/source-map-0.5.6.tgz",
          "integrity": "sha1-dc449SvwczxafwwRjYEzSiu19BI="
        },
        "webpack-sources": {
          "version": "1.0.1",
          "resolved": "http://registry.npm.taobao.org/webpack-sources/download/webpack-sources-1.0.1.tgz",
          "integrity": "sha1-xzVkNqTRMSO+LiQmoF0drZy+Zc8="
        }
      }
    },
    "fastclick": {
      "version": "1.0.6",
      "resolved": "http://registry.npm.taobao.org/fastclick/download/fastclick-1.0.6.tgz",
      "integrity": "sha1-FhYlsnsaWAZAWTa9qaLBkm0Gvmo="
    },
    "file-loader": {
      "version": "0.10.1",
      "resolved": "http://registry.npm.taobao.org/file-loader/download/file-loader-0.10.1.tgz",
      "integrity": "sha1-gVA0EZiR/GRB+1pkwRvJPCLd2EI=",
      "dev": true,
      "dependencies": {
        "loader-utils": {
          "version": "1.1.0",
          "resolved": "http://registry.npm.taobao.org/loader-utils/download/loader-utils-1.1.0.tgz",
          "integrity": "sha1-yYrvSIvM7aL/teLeZG1qdUQp9c0="
        }
      }
    },
    "follow-redirects": {
      "version": "1.13.1",
      "resolved": "https://registry.npmjs.org/follow-redirects/-/follow-redirects-1.13.1.tgz",
      "integrity": "sha512-SSG5xmZh1mkPGyKzjZP8zLjltIfpW32Y5QpdNJyjcfGxK3qo3NDDkZOZSFiGn1A6SclQxY9GzEwAHQ3dmYRWpg=="
    },
    "friendly-errors-webpack-plugin": {
      "version": "1.6.1",
      "resolved": "http://registry.npm.taobao.org/friendly-errors-webpack-plugin/download/friendly-errors-webpack-plugin-1.6.1.tgz",
      "integrity": "sha1-4yeBxHIvVGoGqbXXp8+ihSA3XXA=",
      "dev": true
    },
    "function-bind": {
      "version": "1.1.0",
      "resolved": "http://registry.npm.taobao.org/function-bind/download/function-bind-1.1.0.tgz",
      "integrity": "sha1-FhdnFMgBeY5Ojyz391KUZ7tKV3E=",
      "dev": true
    },
    "html-webpack-plugin": {
      "version": "2.29.0",
      "resolved": "http://registry.npm.taobao.org/html-webpack-plugin/download/html-webpack-plugin-2.29.0.tgz",
      "integrity": "sha1-6Yf0IYU9O2k4yMTIFxhC5f0XryM=",
      "dev": true,
      "dependencies": {
        "bluebird": {
          "version": "3.5.0",
          "resolved": "http://registry.npm.taobao.org/bluebird/download/bluebird-3.5.0.tgz",
          "integrity": "sha1-eRQg1/VR7qKJdFOop3ZT+WYG1nw="
        }
      }
    },
    "http-proxy-middleware": {
      "version": "0.17.4",
      "resolved": "http://registry.npm.taobao.org/http-proxy-middleware/download/http-proxy-middleware-0.17.4.tgz",
      "integrity": "sha1-ZC6ISIUdZvCdTxJJEoRtuutBuDM=",
      "dev": true
    },
    "less": {
      "version": "2.7.2",
      "resolved": "http://registry.npm.taobao.org/less/download/less-2.7.2.tgz",
      "integrity": "sha1-No1sxz4fsDmBGDKAkYdDxdz5s98=",
      "dev": true,
      "dependencies": {
        "source-map": {
          "version": "0.5.6",
          "resolved": "http://registry.npm.taobao.org/source-map/download/source-map-0.5.6.tgz",
          "integrity": "sha1-dc449SvwczxafwwRjYEzSiu19BI="
        }
      }
    },
    "less-loader": {
      "version": "2.2.3",
      "resolved": "http://registry.npm.taobao.org/less-loader/download/less-loader-2.2.3.tgz",
      "integrity": "sha1-ttj4E5yEk98J2ZKpOgBzSwj4RSg=",
      "dev": true
    },
    "opn": {
      "version": "4.0.2",
      "resolved": "http://registry.npm.taobao.org/opn/download/opn-4.0.2.tgz",
      "integrity": "sha1-erwi5kTf9jsKltWrfyeQwPAavJU=",
      "dev": true
    },
    "optimize-css-assets-webpack-plugin": {
      "version": "1.3.2",
      "resolved": "http://registry.npm.taobao.org/optimize-css-assets-webpack-plugin/download/optimize-css-assets-webpack-plugin-1.3.2.tgz",
      "integrity": "sha1-6ydFbiHu+9gIDzHoNoxZaE5YWiw=",
      "dev": true
    },
    "ora": {
      "version": "1.3.0",
      "resolved": "http://registry.npm.taobao.org/ora/download/ora-1.3.0.tgz",
      "integrity": "sha1-gAeN0rkqk0r2ajrXKluRBpTt5Ro=",
      "dev": true
    },
    "rimraf": {
      "version": "2.6.1",
      "resolved": "http://registry.npm.taobao.org/rimraf/download/rimraf-2.6.1.tgz",
      "integrity": "sha1-wjOOxkPfeht/5cVPqG9XQopV8z0=",
      "dev": true
    },
    "semver": {
      "version": "5.4.1",
      "resolved": "http://registry.npm.taobao.org/semver/download/semver-5.4.1.tgz",
      "integrity": "sha1-4FnAnYVx8FQII3M0M1BdOi8AsY4=",
      "dev": true
    },
    "url-loader": {
      "version": "0.5.9",
      "resolved": "http://registry.npm.taobao.org/url-loader/download/url-loader-0.5.9.tgz",
      "integrity": "sha1-zI/qgse5Bud3cBklCGnlaemVwpU=",
      "dev": true,
      "dependencies": {
        "loader-utils": {
          "version": "1.1.0",
          "resolved": "http://registry.npm.taobao.org/loader-utils/download/loader-utils-1.1.0.tgz",
          "integrity": "sha1-yYrvSIvM7aL/teLeZG1qdUQp9c0="
        }
      }
    },
    "vue": {
      "version": "2.4.2",
      "resolved": "http://registry.npm.taobao.org/vue/download/vue-2.4.2.tgz",
      "integrity": "sha1-qYVSYfGRyXjMDcEVBTG40IFJtYw="
    },
    "vue-awesome": {
      "version": "2.3.1",
      "resolved": "http://registry.npm.taobao.org/vue-awesome/download/vue-awesome-2.3.1.tgz",
      "integrity": "sha1-7dj1SmKvMi34Hwbd8lwewq6ZWwU="
    },
    "vue-loader": {
      "version": "11.3.4",
      "resolved": "http://registry.npm.taobao.org/vue-loader/download/vue-loader-11.3.4.tgz",
      "integrity": "sha1-ZeEKRM4JLZBuFLvHKYHeyZ6wkNI=",
      "dev": true,
      "dependencies": {
        "loader-utils": {
          "version": "1.1.0",
          "resolved": "http://registry.npm.taobao.org/loader-utils/download/loader-utils-1.1.0.tgz",
          "integrity": "sha1-yYrvSIvM7aL/teLeZG1qdUQp9c0="
        },
        "source-map": {
          "version": "0.5.6",
          "resolved": "http://registry.npm.taobao.org/source-map/download/source-map-0.5.6.tgz",
          "integrity": "sha1-dc449SvwczxafwwRjYEzSiu19BI="
        }
      }
    },
    "vue-resource": {
      "version": "1.3.4",
      "resolved": "http://registry.npm.taobao.org/vue-resource/download/vue-resource-1.3.4.tgz",
      "integrity": "sha1-n8C99qL1yrQwEp/JnTR7PernsJk="
    },
    "vue-router": {
      "version": "2.7.0",
      "resolved": "http://registry.npm.taobao.org/vue-router/download/vue-router-2.7.0.tgz",
      "integrity": "sha1-FtQkSTqlHDyMzot8chDqTDqJr/E="
    },
    "vue-style-loader": {
      "version": "2.0.5",
      "resolved": "http://registry.npm.taobao.org/vue-style-loader/download/vue-style-loader-2.0.5.tgz",
      "integrity": "sha1-8O+smS/r4/EuST4zTtsTzSNaPSI=",
      "dev": true,
      "dependencies": {
        "loader-utils": {
          "version": "1.1.0",
          "resolved": "http://registry.npm.taobao.org/loader-utils/download/loader-utils-1.1.0.tgz",
          "integrity": "sha1-yYrvSIvM7aL/teLeZG1qdUQp9c0="
        }
      }
    },
    "vue-template-compiler": {
      "version": "2.4.2",
      "resolved": "http://registry.npm.taobao.org/vue-template-compiler/download/vue-template-compiler-2.4.2.tgz",
      "integrity": "sha1-WkXYQ/FIsJj2wdHjWsIMSVbTCtE=",
      "dev": true
    },
    "vuex": {
      "version": "2.3.1",
      "resolved": "http://registry.npm.taobao.org/vuex/download/vuex-2.3.1.tgz",
      "integrity": "sha1-zejpl8H5lXcZvH3qFU+appHZgaY="
    },
    "vuex-i18n": {
      "version": "1.4.3",
      "resolved": "http://registry.npm.taobao.org/vuex-i18n/download/vuex-i18n-1.4.3.tgz",
      "integrity": "sha1-tX/u/EYPqKG4zJ8FKIpecTY6oGk="
    },
    "vux": {
      "version": "2.5.4",
      "resolved": "http://registry.npm.taobao.org/vux/download/vux-2.5.4.tgz",
      "integrity": "sha1-SVqH7jmqxq0N7KG59APXJPD4YXk="
    },
    "vux-loader": {
      "version": "1.1.4",
      "resolved": "http://registry.npm.taobao.org/vux-loader/download/vux-loader-1.1.4.tgz",
      "integrity": "sha1-2T2wcUv4xHuWhGGEsfdtabVqnnE=",
      "dev": true,
      "dependencies": {
        "webpack-merge": {
          "version": "1.1.2",
          "resolved": "http://registry.npm.taobao.org/webpack-merge/download/webpack-merge-1.1.2.tgz",
          "integrity": "sha1-SfKmi6X9NLsTwzjBhMcCjZOENDI="
        }
      }
    },
    "webpack": {
      "version": "2.7.0",
      "resolved": "http://registry.npm.taobao.org/webpack/download/webpack-2.7.0.tgz",
      "integrity": "sha1-sqEiaAQ3P/09A+qca9UlBnA09rE=",
      "dev": true,
      "dependencies": {
        "acorn": {
          "version": "5.1.1",
          "resolved": "http://registry.npm.taobao.org/acorn/download/acorn-5.1.1.tgz",
          "integrity": "sha1-U/4WERH5EquZnuiHqQoLxSgi/XU="
        },
        "async": {
          "version": "2.5.0",
          "resolved": "http://registry.npm.taobao.org/async/download/async-2.5.0.tgz",
          "integrity": "sha1-hDGQ/WtzV6C54clW7d3V7IRitU0="
        },
        "source-list-map": {
          "version": "2.0.0",
          "resolved": "http://registry.npm.taobao.org/source-list-map/download/source-list-map-2.0.0.tgz",
          "integrity": "sha1-qqR0A/eyRakvvJfqCPJQ1gh+0IU="
        },
        "source-map": {
          "version": "0.5.6",
          "resolved": "http://registry.npm.taobao.org/source-map/download/source-map-0.5.6.tgz",
          "integrity": "sha1-dc449SvwczxafwwRjYEzSiu19BI="
        },
        "uglify-js": {
          "version": "2.8.29",
          "resolved": "http://registry.npm.taobao.org/uglify-js/download/uglify-js-2.8.29.tgz",
          "integrity": "sha1-KcVzMUgFe7Th913zW3qcty5qWd0=",
          "dependencies": {
            "yargs": {
              "version": "3.10.0",
              "resolved": "http://registry.npm.taobao.org/yargs/download/yargs-3.10.0.tgz",
              "integrity": "sha1-9+572FfdfB0tOMDnTvvWgdFDH9E="
            }
          }
        },
        "webpack-sources": {
          "version": "1.0.1",
          "resolved": "http://registry.npm.taobao.org/webpack-sources/download/webpack-sources-1.0.1.tgz",
          "integrity": "sha1-xzVkNqTRMSO+LiQmoF0drZy+Zc8="
        }
      }
    },
    "webpack-bundle-analyzer": {
      "version": "2.8.3",
      "resolved": "http://registry.npm.taobao.org/webpack-bundle-analyzer/download/webpack-bundle-analyzer-2.8.3.tgz",
      "integrity": "sha1-jns96zgyaYwksJyE3+W0OQKoOZE=",
      "dev": true,
      "dependencies": {
        "acorn": {
          "version": "5.1.1",
          "resolved": "http://registry.npm.taobao.org/acorn/download/acorn-5.1.1.tgz",
          "integrity": "sha1-U/4WERH5EquZnuiHqQoLxSgi/XU="
        }
      }
    },
    "webpack-dev-middleware": {
      "version": "1.11.0",
      "resolved": "http://registry.npm.taobao.org/webpack-dev-middleware/download/webpack-dev-middleware-1.11.0.tgz",
      "integrity": "sha1-CWkdCXOjCtH4Ksc6EuIIfwpHVPk=",
      "dev": true
    },
    "webpack-hot-middleware": {
      "version": "2.18.2",
      "resolved": "http://registry.npm.taobao.org/webpack-hot-middleware/download/webpack-hot-middleware-2.18.2.tgz",
      "integrity": "sha1-hN7mQ/A3w9WcneFCVIQwNxqo07I=",
      "dev": true
    },
    "webpack-merge": {
      "version": "2.6.1",
      "resolved": "http://registry.npm.taobao.org/webpack-merge/download/webpack-merge-2.6.1.tgz",
      "integrity": "sha1-8dgB0sXTn4P/7J8RkkCz476ZShw=",
      "dev": true
    },
    "yaml-loader": {
      "version": "0.4.0",
      "resolved": "http://registry.npm.taobao.org/yaml-loader/download/yaml-loader-0.4.0.tgz",
      "integrity": "sha1-Sq5EfRPBqnOpidiipTCbCxo8o1M=",
      "dev": true
    }
  }
}
